
Microsoft Visual Studio Solution File, Format Version 12.00
# Visual Studio Version 17
VisualStudioVersion = 17.9.34728.123
MinimumVisualStudioVersion = 10.0.40219.1
Project("{FAE04EC0-301F-11D3-BF4B-00C04F79EFBC}") = "FinalosProjektos", "FinalosProjektos\FinalosProjektos.csproj", "{A6A64942-A026-47A5-9E29-CB49DFD4BB01}"
EndProject
Global
	GlobalSection(SolutionConfigurationPlatforms) = preSolution
		Debug|Any CPU = Debug|Any CPU
		Release|Any CPU = Release|Any CPU
	EndGlobalSection
	GlobalSection(ProjectConfigurationPlatforms) = postSolution
		{A6A64942-A026-47A5-9E29-CB49DFD4BB01}.Debug|Any CPU.ActiveCfg = Debug|Any CPU
		{A6A64942-A026-47A5-9E29-CB49DFD4BB01}.Debug|Any CPU.Build.0 = Debug|Any CPU
		{A6A64942-A026-47A5-9E29-CB49DFD4BB01}.Release|Any CPU.ActiveCfg = Release|Any CPU
		{A6A64942-A026-47A5-9E29-CB49DFD4BB01}.Release|Any CPU.Build.0 = Release|Any CPU
	EndGlobalSection
	GlobalSection(SolutionProperties) = preSolution
		HideSolutionNode = FALSE
	EndGlobalSection
	GlobalSection(ExtensibilityGlobals) = postSolution
		SolutionGuid = {B6743E7F-F6AB-4C31-AE16-6C2C45242FDE}
	EndGlobalSection
EndGlobal
